{
  "lockfileVersion": 1,
  "configVersion": 1,
  "workspaces": {
    "": {
      "name": "onchain-app-interfaces",
      "dependencies": {
        "viem": "^2.37.3",
        "zod": "^4.1.5",
      },
      "devDependencies": {
        "@types/bun": "latest",
        "oxfmt": "^0.12.0",
        "oxlint": "^1.13.0",
        "typescript": "^5.9.2",
      },
    },
  },
  "packages": {
    "@adraffy/ens-normalize": ["@adraffy/ens-normalize@1.11.1", "", {}, "sha512-nhCBV3quEgesuf7c7KYfperqSS14T8bYuvJ8PcLJp6znkZpFc0AuW4qBtr8eKVyPPe/8RSr7sglCWPU5eaxwKQ=="],

    "@noble/ciphers": ["@noble/ciphers@1.3.0", "", {}, "sha512-2I0gnIVPtfnMw9ee9h1dJG7tp81+8Ob3OJb3Mv37rx5L40/b0i7djjCVvGOVqc9AEIQyvyu1i6ypKdFw8R8gQw=="],

    "@noble/curves": ["@noble/curves@1.9.1", "", { "dependencies": { "@noble/hashes": "1.8.0" } }, "sha512-k11yZxZg+t+gWvBbIswW0yoJlu8cHOC7dhunwOzoWH/mXGBiYyR4YY6hAEK/3EUs4UpB8la1RfdRpeGsFHkWsA=="],

    "@noble/hashes": ["@noble/hashes@1.8.0", "", {}, "sha512-jCs9ldd7NwzpgXDIf6P3+NrHh9/sD6CQdxHyjQI+h/6rDNo88ypBxxz45UDuZHz9r3tNz7N/VInSVoVdtXEI4A=="],

    "@oxfmt/darwin-arm64": ["@oxfmt/darwin-arm64@0.12.0", "", { "os": "darwin", "cpu": "arm64" }, "sha512-Tt0H6agVvpex+Fk8ezSe4y+KMufbIzQaAIMpTOsssGz/0BK0HCrwc/F3HYNDA+28USl9vlQRuYBpPu5e5EOFaw=="],

    "@oxfmt/darwin-x64": ["@oxfmt/darwin-x64@0.12.0", "", { "os": "darwin", "cpu": "x64" }, "sha512-8Yl4dQOjENxZ3EWof9RJjQM3wnfFIBA0QfPXRCDs8mZMOZ2Ij+v+lj8wCy+ghIsxKlhuj0xvWpbZ37J4iSYbGw=="],

    "@oxfmt/linux-arm64-gnu": ["@oxfmt/linux-arm64-gnu@0.12.0", "", { "os": "linux", "cpu": "arm64" }, "sha512-D9IvgFzssYwlxnn3rqN0/nDmMBlbMnCZ6KCOV0DSv0RXKxcOM+F6Xo3XhjXnlUYSPZE1YJTNCDax3OKTSV1UUw=="],

    "@oxfmt/linux-arm64-musl": ["@oxfmt/linux-arm64-musl@0.12.0", "", { "os": "linux", "cpu": "arm64" }, "sha512-zZAEgl+XY49O/BWQpzuIB/R2jNuiwqfic3t96S5lpebT+HLU+cSqqShtMJzvjOezjEyLa51c85OHNWhp2Hq/Qg=="],

    "@oxfmt/linux-x64-gnu": ["@oxfmt/linux-x64-gnu@0.12.0", "", { "os": "linux", "cpu": "x64" }, "sha512-mBK258YlurQR9ibm13XmfcS1wrR58bQe0vnCC2pOlPK+2q+3fh51BC+p+eCGgU7chUkD9IqBQU0DJ15y89Nppw=="],

    "@oxfmt/linux-x64-musl": ["@oxfmt/linux-x64-musl@0.12.0", "", { "os": "linux", "cpu": "x64" }, "sha512-z946smaQdxa6EWWkVOl3kAecZTin+4g6h7Ag3SCu4rqU0vIl/AUlgpQzISSUGYcOcIw2cubTs9hUz4Vw+x1C0w=="],

    "@oxfmt/win32-arm64": ["@oxfmt/win32-arm64@0.12.0", "", { "os": "win32", "cpu": "arm64" }, "sha512-9jP8inHmtmXqVBlYfR6ILRQ7EuDl0x3T91PSX65m7DYMgrsGJZlKNbLdg625R1AuVp02FaAmW3zntTFwX32rvw=="],

    "@oxfmt/win32-x64": ["@oxfmt/win32-x64@0.12.0", "", { "os": "win32", "cpu": "x64" }, "sha512-F4vqvChc2tTBxPupXw8zjM6gKf4MbNZiUwNoFVeBRzNC7MOcx2c3v5hISkvUZ198srCKBWWftHiWOqK05EeBWA=="],

    "@oxlint/binding-android-arm-eabi": ["@oxlint/binding-android-arm-eabi@1.79.0", "", { "os": "android", "cpu": "arm" }, "sha512-TebFaaMklO/RXzTv7PucaCq9l3X6D1gA+C8H6K4njtjFOV+zWE9MKLpulcJZN9bzytbUbQIY0mZuz12nQ5Kv4Q=="],

    "@oxlint/binding-android-arm64": ["@oxlint/binding-android-arm64@1.79.0", "", { "os": "android", "cpu": "arm64" }, "sha512-KqqnOtAVgNsPPF0YSodkFZA1O80jcKoCZCTu3bgsszxA+MrMP9TLzfXitKjEj1FmrPprKDMdRDMmY3weESO9sg=="],

    "@oxlint/binding-darwin-arm64": ["@oxlint/binding-darwin-arm64@1.79.0", "", { "os": "darwin", "cpu": "arm64" }, "sha512-BVC2nsMzqQzRDPc5RhixkZ+m1p7iH4bxRRvqkbwDXX0PlQKm1BPy8J8cRjnAFafOq2QzI+BfO3vE8w2GZ3CBag=="],

    "@oxlint/binding-darwin-x64": ["@oxlint/binding-darwin-x64@1.79.0", "", { "os": "darwin", "cpu": "x64" }, "sha512-p6Lm+snmhGuLKL1+CpCV8L6ijkE/qJzK2H2jG9+eKJT0n31RbY4FLsdhexekgP3bLpw4Kgde+9DZuDZQ4yIInA=="],

    "@oxlint/binding-freebsd-x64": ["@oxlint/binding-freebsd-x64@1.79.0", "", { "os": "freebsd", "cpu": "x64" }, "sha512-qDMm0dXZnoHyRqSL4N4xUq82T4sqK5cbKSjvd/dF/YbMUXc2R1wEPf+vmA5S0qUmi0nwXfNbjXBtZaIqzQLIMg=="],

    "@oxlint/binding-linux-arm-gnueabihf": ["@oxlint/binding-linux-arm-gnueabihf@1.79.0", "", { "os": "linux", "cpu": "arm" }, "sha512-2od7s0nuKPzqyUZAWk9KkCyGg7eI9dwFPZg+20lB15fKFkVZ0c9ZFxqPfiBAyDTlTkh9stPI0t+JlPCqMbItVA=="],

    "@oxlint/binding-linux-arm-musleabihf": ["@oxlint/binding-linux-arm-musleabihf@1.79.0", "", { "os": "linux", "cpu": "arm" }, "sha512-ZOQUjkzDnvlhSE3+tWC3YXx94MMl+sYMlwH+u1+YGApGHOJP/YAc8ZBRFOXZ6eOBmxtXAWuS/fBcdZr8qqNO1A=="],

    "@oxlint/binding-linux-arm64-gnu": ["@oxlint/binding-linux-arm64-gnu@1.79.0", "", { "os": "linux", "cpu": "arm64" }, "sha512-lu158FR4nGqGeRS3BQvtG85wRgU/Fy4MD5Cxp1hzJXizGiLo6u2742wJSCDKh8cFcZntvX7fcxlq4mMmfryH1g=="],

    "@oxlint/binding-linux-arm64-musl": ["@oxlint/binding-linux-arm64-musl@1.79.0", "", { "os": "linux", "cpu": "arm64" }, "sha512-mbpKQeE2aflTjddaHK7MP8KP/OFbUM++lt5M635ENM8IyIdK0jm2t9pb+2v9mVVIvhF6TqA4l7F79Pll1mi+uw=="],

    "@oxlint/binding-linux-ppc64-gnu": ["@oxlint/binding-linux-ppc64-gnu@1.79.0", "", { "os": "linux", "cpu": "ppc64" }, "sha512-WpGNua7gaxaHnpSDeog2ji8IDHn/QLPl9LPzwkR/FvVv58vT5BcXjRXnU+wbu3N75cpeha8CdC7ho/U2OIsB4g=="],

    "@oxlint/binding-linux-riscv64-gnu": ["@oxlint/binding-linux-riscv64-gnu@1.79.0", "", { "os": "linux", "cpu": "none" }, "sha512-tK1E93A5LVzISg4ngpKJnfTs7EqtIUceGI7MQ4GyDjJiLi8wPCkEyKlj2xkyKWZ1yzkDJyLHTBJ5/iFWRdnJvg=="],

    "@oxlint/binding-linux-riscv64-musl": ["@oxlint/binding-linux-riscv64-musl@1.79.0", "", { "os": "linux", "cpu": "none" }, "sha512-qhQvUIrngXivA2A9pQ+xPCychztn/5qUv7yS3gDwXv3w7Rag+eTeeXWmRyx+t7XsW5x6LuY/8AsTq36UgFIblg=="],

    "@oxlint/binding-linux-s390x-gnu": ["@oxlint/binding-linux-s390x-gnu@1.79.0", "", { "os": "linux", "cpu": "s390x" }, "sha512-sv6AaVgU/eE6u+6WFiQVDcPPwTxP6IJMSB9k701W2r/r6Tx465e8vPvVyRxquNH4Vy6KwRNu90mVbxXJN8+5gg=="],

    "@oxlint/binding-linux-x64-gnu": ["@oxlint/binding-linux-x64-gnu@1.79.0", "", { "os": "linux", "cpu": "x64" }, "sha512-iFZL02deziHslb3jEX9KdqlAkYoo4fGyotchKDzdfK1f5mxlIBeiQeHhvK3iFpuEJSB4ma/qeFn9oxPiwnhUPQ=="],

    "@oxlint/binding-linux-x64-musl": ["@oxlint/binding-linux-x64-musl@1.79.0", "", { "os": "linux", "cpu": "x64" }, "sha512-3DtZR2raqObnh7wXZoFYFd0Fw7skBvcb3f7A+/lkEiDuh8hrE6vv9b/62Qxao1a9/OeHLw/FcXlXzgsW9wTRFg=="],

    "@oxlint/binding-openharmony-arm64": ["@oxlint/binding-openharmony-arm64@1.79.0", "", { "os": "none", "cpu": "arm64" }, "sha512-Oatt4GuA1WJkqzk2ozx4HrWROOi7opV3AKDw/U8qDIqeTqzsjn5K2x3REJMNjU3/KU/Bkq96Zi3CknaiDTaC/Q=="],

    "@oxlint/binding-win32-arm64-msvc": ["@oxlint/binding-win32-arm64-msvc@1.79.0", "", { "os": "win32", "cpu": "arm64" }, "sha512-NAgZr9Qp8nIA9rpo0JEvwiabTF/2UVqBNnupBG9X4kxXcQoScJUTi+qHhvabb9s/thgj5wQ4XcIaJvb+ZMgoKw=="],

    "@oxlint/binding-win32-ia32-msvc": ["@oxlint/binding-win32-ia32-msvc@1.79.0", "", { "os": "win32", "cpu": "ia32" }, "sha512-+KyXjIvcpaXmWW/j9NNY5yWjrIVxaX18VyIheQy3jwc2GSYgpCr7MGI/HxIGQ/shAL5IWEKbhsqoMpAO5Stiog=="],

    "@oxlint/binding-win32-x64-msvc": ["@oxlint/binding-win32-x64-msvc@1.79.0", "", { "os": "win32", "cpu": "x64" }, "sha512-mEelcCMMBS57sIXh2veGMNy+pQwuGtcMxHxGIZWQ5Ba9pJ5jCCUFOZB9E2JhBaxGsURe+WGe0zJp4RVre52gpQ=="],

    "@scure/base": ["@scure/base@1.2.6", "", {}, "sha512-g/nm5FgUa//MCj1gV09zTJTaM6KBAHqLN907YVQqf7zC49+DcO4B1so4ZX07Ef10Twr6nuqYEH9GEggFXA4Fmg=="],

    "@scure/bip32": ["@scure/bip32@1.7.0", "", { "dependencies": { "@noble/curves": "~1.9.0", "@noble/hashes": "~1.8.0", "@scure/base": "~1.2.5" } }, "sha512-E4FFX/N3f4B80AKWp5dP6ow+flD1LQZo/w8UnLGYZO674jS6YnYeepycOOksv+vLPSpgN35wgKgy+ybfTb2SMw=="],

    "@scure/bip39": ["@scure/bip39@1.6.0", "", { "dependencies": { "@noble/hashes": "~1.8.0", "@scure/base": "~1.2.5" } }, "sha512-+lF0BbLiJNwVlev4eKelw1WWLaiKXw7sSl8T6FvBlWkdX+94aGJ4o8XjUdlyhTCjd8c+B3KT3JfS8P0bLRNU6A=="],

    "@types/bun": ["@types/bun@1.4.0", "", { "dependencies": { "bun-types": "1.4.0" } }, "sha512-K+lZULY23vRgK/CfTjFIV+tyifaNdSMlPh9j+6mQ/cLfpOznLyAuzgV/JQysyECpkBQLVMSyvjlr2fBUSA9wFQ=="],

    "@types/node": ["@types/node@26.2.0", "", { "dependencies": { "undici-types": "~8.3.0" } }, "sha512-5IviulTZeRNp2vAJ514cc/HUlY5nZ9fCbq9DMyC52BrhFZACo3nI0R7qBxhQmo/d27NFe96ur/b7Wwxklda+kg=="],

    "abitype": ["abitype@1.2.3", "", { "peerDependencies": { "typescript": ">=5.0.4", "zod": "^3.22.0 || ^4.0.0" }, "optionalPeers": ["typescript", "zod"] }, "sha512-Ofer5QUnuUdTFsBRwARMoWKOH1ND5ehwYhJ3OJ/BQO+StkwQjHw0XyVh4vDttzHB7QOFhPHa/o413PJ82gU/Tg=="],

    "bun-types": ["bun-types@1.4.0", "", { "dependencies": { "@types/node": "*" } }, "sha512-iIKw23BspnQQYd3prITOBxeUsxBHnwzX6YJfGMuNOZzeNcMmVqzIIVGRm1l69ogaPQmb4wB6BN8mA5bE9YuC5Q=="],

    "eventemitter3": ["eventemitter3@5.0.1", "", {}, "sha512-GWkBvjiSZK87ELrYOSESUYeVIc9mvLLf/nXalMOS5dYrgZq9o5OVkbZAVM06CVxYsCwH9BDZFPlQTlPA1j4ahA=="],

    "isows": ["isows@1.0.7", "", { "peerDependencies": { "ws": "*" } }, "sha512-I1fSfDCZL5P0v33sVqeTDSpcstAg/N+wF5HS033mogOVIp4B+oHC7oOCsA3axAbBSGTJ8QubbNmnIRN/h8U7hg=="],

    "ox": ["ox@0.14.34", "", { "dependencies": { "@adraffy/ens-normalize": "^1.11.0", "@noble/ciphers": "^1.3.0", "@noble/curves": "1.9.1", "@noble/hashes": "^1.8.0", "@scure/bip32": "^1.7.0", "@scure/bip39": "^1.6.0", "abitype": "^1.2.3", "eventemitter3": "5.0.1" }, "peerDependencies": { "typescript": ">=5.4.0" }, "optionalPeers": ["typescript"] }, "sha512-12seOIk7dv8eAoGQhcWaeKZxNz304IVcDvb9U5Y7JZAEVe21Nm1YMxLjhWah+su5BD4Omx4Zz0z5x3ij9M4GYQ=="],

    "oxfmt": ["oxfmt@0.12.0", "", { "optionalDependencies": { "@oxfmt/darwin-arm64": "0.12.0", "@oxfmt/darwin-x64": "0.12.0", "@oxfmt/linux-arm64-gnu": "0.12.0", "@oxfmt/linux-arm64-musl": "0.12.0", "@oxfmt/linux-x64-gnu": "0.12.0", "@oxfmt/linux-x64-musl": "0.12.0", "@oxfmt/win32-arm64": "0.12.0", "@oxfmt/win32-x64": "0.12.0" }, "bin": { "oxfmt": "bin/oxfmt" } }, "sha512-Gaq38LpUjqovCg0Qks3l2prTyV7pYpmq7TwIXOyC+VVCWR86gttPBtrMJbK9m6Z3Kv0hYCOSAdoL2V7Kw6b0xg=="],

    "oxlint": ["oxlint@1.79.0", "", { "optionalDependencies": { "@oxlint/binding-android-arm-eabi": "1.79.0", "@oxlint/binding-android-arm64": "1.79.0", "@oxlint/binding-darwin-arm64": "1.79.0", "@oxlint/binding-darwin-x64": "1.79.0", "@oxlint/binding-freebsd-x64": "1.79.0", "@oxlint/binding-linux-arm-gnueabihf": "1.79.0", "@oxlint/binding-linux-arm-musleabihf": "1.79.0", "@oxlint/binding-linux-arm64-gnu": "1.79.0", "@oxlint/binding-linux-arm64-musl": "1.79.0", "@oxlint/binding-linux-ppc64-gnu": "1.79.0", "@oxlint/binding-linux-riscv64-gnu": "1.79.0", "@oxlint/binding-linux-riscv64-musl": "1.79.0", "@oxlint/binding-linux-s390x-gnu": "1.79.0", "@oxlint/binding-linux-x64-gnu": "1.79.0", "@oxlint/binding-linux-x64-musl": "1.79.0", "@oxlint/binding-openharmony-arm64": "1.79.0", "@oxlint/binding-win32-arm64-msvc": "1.79.0", "@oxlint/binding-win32-ia32-msvc": "1.79.0", "@oxlint/binding-win32-x64-msvc": "1.79.0" }, "peerDependencies": { "oxlint-tsgolint": ">=7.0.2001", "vite-plus": "*" }, "optionalPeers": ["oxlint-tsgolint", "vite-plus"], "bin": { "oxlint": "bin/oxlint" } }, "sha512-hVJ9hq9m2unPS+Of4eJJgCPdIeCC+3DHEUX3tkmrPJr3OK2hz7PhXwgC+ZP71ZcYu8cCDEtQrqLxWNvxBppBVg=="],

    "typescript": ["typescript@5.9.3", "", { "bin": { "tsc": "bin/tsc", "tsserver": "bin/tsserver" } }, "sha512-jl1vZzPDinLr9eUt3J/t7V6FgNEw9QjvBPdysz9KfQDD41fQrC2Y4vKQdiaUpFT4bXlb1RHhLpp8wtm6M5TgSw=="],

    "undici-types": ["undici-types@8.3.0", "", {}, "sha512-j375ScV60dom+YkPFIfTLcOiPxkN/buHz5GobjLhixFuANaNs3C9l4GmrWqejgXWJ7BbJcFYpTEUkS1Ge8bpZQ=="],

    "viem": ["viem@2.55.19", "", { "dependencies": { "@noble/curves": "1.9.1", "@noble/hashes": "1.8.0", "@scure/bip32": "1.7.0", "@scure/bip39": "1.6.0", "abitype": "1.2.3", "isows": "1.0.7", "ox": "0.14.34", "ws": "8.21.0" }, "peerDependencies": { "typescript": ">=5.0.4" }, "optionalPeers": ["typescript"] }, "sha512-4QPIX0eYPLsOBk53NKswVMkQoxuP7GlOBnB4wM6dkDokREO4QENNc3bmyPKK1PBTViXh0TPJCHLjIuU20Qi3fg=="],

    "ws": ["ws@8.21.0", "", { "peerDependencies": { "bufferutil": "^4.0.1", "utf-8-validate": ">=5.0.2" }, "optionalPeers": ["bufferutil", "utf-8-validate"] }, "sha512-Vsp28b7DRcimFQvrqu2Wek3z1iYxDCWqHYB8Qsnk/S4RfaCQzPGPyBNuVjJV3cd6UiKtUtp6sNM77gWvzcCH+g=="],

    "zod": ["zod@4.4.3", "", {}, "sha512-ytENFjIJFl2UwYglde2jchW2Hwm4GJFLDiSXWdTrJQBIN9Fcyp7n4DhxJEiWNAJMV1/BqWfW/kkg71UDcHJyTQ=="],
  }
}
